
Microsoft Visual Studio Solution File, Format Version 12.00
# Visual Studio Version 18
VisualStudioVersion = 18.3.11304.161 d18.3
MinimumVisualStudioVersion = 10.0.40219.1
Project("{2150E333-8FDC-42A3-9474-1A3956D46DE8}") = "1 - Security", "1 - Security", "{C5391F7C-F884-4FDE-91A3-A22A80E2BE69}"
EndProject
Project("{2150E333-8FDC-42A3-9474-1A3956D46DE8}") = "Nullbox.Security", "Nullbox.Security", "{A2134B53-6294-4BDE-BD01-889FF096D875}"
EndProject
Project("{2150E333-8FDC-42A3-9474-1A3956D46DE8}") = "1 - Api", "1 - Api", "{CE7D8B79-EF97-4F7B-91B2-691BE6EDE447}"
EndProject
Project("{9A19103F-16F7-4668-BE54-9A1E7A4F7556}") = "Nullbox.Security.Api", "1 - Security\Nullbox.Security\Nullbox.Security.Api\Nullbox.Security.Api.csproj", "{CEF02F20-8828-4498-83D7-B5CC144AD8EC}"
EndProject
Project("{2150E333-8FDC-42A3-9474-1A3956D46DE8}") = "2 - Application", "2 - Application", "{E1131E3F-293F-4311-A571-64527A8CA3CA}"
EndProject
Project("{9A19103F-16F7-4668-BE54-9A1E7A4F7556}") = "Nullbox.Security.Application", "1 - Security\Nullbox.Security\Nullbox.Security.Application\Nullbox.Security.Application.csproj", "{2357DB24-5BAD-4D43-A7C1-A2DBBBF0C395}"
EndProject
Project("{2150E333-8FDC-42A3-9474-1A3956D46DE8}") = "3 - Domain", "3 - Domain", "{0946BE3E-890F-471E-91D4-1E2295218EA5}"
EndProject
Project("{9A19103F-16F7-4668-BE54-9A1E7A4F7556}") = "Nullbox.Security.Domain", "1 - Security\Nullbox.Security\Nullbox.Security.Domain\Nullbox.Security.Domain.csproj", "{A8728617-877A-4658-B5E6-E715F26B0A4D}"
EndProject
Project("{2150E333-8FDC-42A3-9474-1A3956D46DE8}") = "4 - Infrastructure", "4 - Infrastructure", "{049D0375-1131-4C68-B7C1-572534CAAE77}"
EndProject
Project("{9A19103F-16F7-4668-BE54-9A1E7A4F7556}") = "Nullbox.Security.Infrastructure", "1 - Security\Nullbox.Security\Nullbox.Security.Infrastructure\Nullbox.Security.Infrastructure.csproj", "{C7DB6E8F-6D7D-4D2C-A225-D79F297C037E}"
EndProject
Project("{2150E333-8FDC-42A3-9474-1A3956D46DE8}") = "Nullbox.Auth.EntraExternalId", "Nullbox.Auth.EntraExternalId", "{C71437FF-5018-487E-8C7D-23A229840E0A}"
EndProject
Project("{2150E333-8FDC-42A3-9474-1A3956D46DE8}") = "1 - Api", "1 - Api", "{E74AC4CC-29C1-477E-ACD0-8A39B6586AC7}"
EndProject
Project("{9A19103F-16F7-4668-BE54-9A1E7A4F7556}") = "Nullbox.Auth.EntraExternalId.Api", "1 - Security\Nullbox.Auth.EntraExternalId\Nullbox.Auth.EntraExternalId.Api\Nullbox.Auth.EntraExternalId.Api.csproj", "{99931E29-9A94-4622-A612-D0455544D109}"
EndProject
Project("{2150E333-8FDC-42A3-9474-1A3956D46DE8}") = "2 - Application", "2 - Application", "{3C21B111-2FD7-4CAD-951C-2084B47588B7}"
EndProject
Project("{9A19103F-16F7-4668-BE54-9A1E7A4F7556}") = "Nullbox.Auth.EntraExternalId.Application", "1 - Security\Nullbox.Auth.EntraExternalId\Nullbox.Auth.EntraExternalId.Application\Nullbox.Auth.EntraExternalId.Application.csproj", "{C2FB10BF-ED2B-4F24-BD0E-CEE2507A5A2A}"
EndProject
Project("{2150E333-8FDC-42A3-9474-1A3956D46DE8}") = "3 - Domain", "3 - Domain", "{BA6A83C1-CD25-44BF-BD53-8ADFA418F7BC}"
EndProject
Project("{9A19103F-16F7-4668-BE54-9A1E7A4F7556}") = "Nullbox.Auth.EntraExternalId.Domain", "1 - Security\Nullbox.Auth.EntraExternalId\Nullbox.Auth.EntraExternalId.Domain\Nullbox.Auth.EntraExternalId.Domain.csproj", "{9A3125E8-E17A-49CD-8262-996C0D67BE74}"
EndProject
Project("{2150E333-8FDC-42A3-9474-1A3956D46DE8}") = "4 - Infrastructure", "4 - Infrastructure", "{D048EF55-DDBB-4794-BD8C-E7C2985243AB}"
EndProject
Project("{9A19103F-16F7-4668-BE54-9A1E7A4F7556}") = "Nullbox.Auth.EntraExternalId.Infrastructure", "1 - Security\Nullbox.Auth.EntraExternalId\Nullbox.Auth.EntraExternalId.Infrastructure\Nullbox.Auth.EntraExternalId.Infrastructure.csproj", "{C7466235-074F-4B93-9E01-2FAED0919041}"
EndProject
Project("{2150E333-8FDC-42A3-9474-1A3956D46DE8}") = "2 - Fabric", "2 - Fabric", "{AA7FC985-2410-487E-B527-DAE7EE97ED98}"
EndProject
Project("{2150E333-8FDC-42A3-9474-1A3956D46DE8}") = "Nullbox.Fabric", "Nullbox.Fabric", "{833C359D-877F-4CFF-99A1-A1ABEC02BA59}"
EndProject
Project("{2150E333-8FDC-42A3-9474-1A3956D46DE8}") = "1 - Api", "1 - Api", "{F359F0F0-8FC2-4F5B-8291-3847AD1D6C7D}"
EndProject
Project("{9A19103F-16F7-4668-BE54-9A1E7A4F7556}") = "Nullbox.Fabric.Api", "2 - Fabric\Nullbox.Fabric\Nullbox.Fabric.Api\Nullbox.Fabric.Api.csproj", "{876A64E3-4A8D-4DDB-BB31-AC721933F150}"
EndProject
Project("{2150E333-8FDC-42A3-9474-1A3956D46DE8}") = "2 - Application", "2 - Application", "{5CAC3887-5188-4A6B-9DB5-A089782D9377}"
EndProject
Project("{9A19103F-16F7-4668-BE54-9A1E7A4F7556}") = "Nullbox.Fabric.Application", "2 - Fabric\Nullbox.Fabric\Nullbox.Fabric.Application\Nullbox.Fabric.Application.csproj", "{B3346876-13FB-4CE1-976C-3A0BE5977C0D}"
EndProject
Project("{2150E333-8FDC-42A3-9474-1A3956D46DE8}") = "3 - Domain", "3 - Domain", "{0A460077-FCA2-495F-952D-58ACF0F59AA8}"
EndProject
Project("{9A19103F-16F7-4668-BE54-9A1E7A4F7556}") = "Nullbox.Fabric.Domain", "2 - Fabric\Nullbox.Fabric\Nullbox.Fabric.Domain\Nullbox.Fabric.Domain.csproj", "{D5122BCC-1802-41EE-82CC-CCD442BE39D3}"
EndProject
Project("{2150E333-8FDC-42A3-9474-1A3956D46DE8}") = "4 - Infrastructure", "4 - Infrastructure", "{BCB892F7-A1E9-4684-AC66-642E71B799EB}"
EndProject
Project("{9A19103F-16F7-4668-BE54-9A1E7A4F7556}") = "Nullbox.Fabric.Infrastructure", "2 - Fabric\Nullbox.Fabric\Nullbox.Fabric.Infrastructure\Nullbox.Fabric.Infrastructure.csproj", "{CC108E1A-8AD2-4026-8E1B-D59154C6BFF6}"
EndProject
Project("{2150E333-8FDC-42A3-9474-1A3956D46DE8}") = "0 - Aspire", "0 - Aspire", "{EEBB2B2F-7A3D-4334-BC5B-D32DE75FC4D8}"
EndProject
Project("{9A19103F-16F7-4668-BE54-9A1E7A4F7556}") = "Nullbox.AppHost", "0 - Aspire\Nullbox.AppHost\Nullbox.AppHost.csproj", "{B5985B2E-3E0D-4E96-B7ED-9C8E676803CB}"
EndProject
Project("{2150E333-8FDC-42A3-9474-1A3956D46DE8}") = "Solution Items", "Solution Items", "{4A24C2EE-0068-46AF-ABF3-AF4626E3089C}"
	ProjectSection(SolutionItems) = preProject
		.editorconfig = .editorconfig
		.gitignore = .gitignore
		Directory.Packages.props = Directory.Packages.props
	EndProjectSection
EndProject
Global
	GlobalSection(SolutionConfigurationPlatforms) = preSolution
		Debug|Any CPU = Debug|Any CPU
		Release|Any CPU = Release|Any CPU
	EndGlobalSection
	GlobalSection(ProjectConfigurationPlatforms) = postSolution
		{CEF02F20-8828-4498-83D7-B5CC144AD8EC}.Debug|Any CPU.ActiveCfg = Debug|Any CPU
		{CEF02F20-8828-4498-83D7-B5CC144AD8EC}.Debug|Any CPU.Build.0 = Debug|Any CPU
		{CEF02F20-8828-4498-83D7-B5CC144AD8EC}.Release|Any CPU.ActiveCfg = Release|Any CPU
		{CEF02F20-8828-4498-83D7-B5CC144AD8EC}.Release|Any CPU.Build.0 = Release|Any CPU
		{2357DB24-5BAD-4D43-A7C1-A2DBBBF0C395}.Debug|Any CPU.ActiveCfg = Debug|Any CPU
		{2357DB24-5BAD-4D43-A7C1-A2DBBBF0C395}.Debug|Any CPU.Build.0 = Debug|Any CPU
		{2357DB24-5BAD-4D43-A7C1-A2DBBBF0C395}.Release|Any CPU.ActiveCfg = Release|Any CPU
		{2357DB24-5BAD-4D43-A7C1-A2DBBBF0C395}.Release|Any CPU.Build.0 = Release|Any CPU
		{A8728617-877A-4658-B5E6-E715F26B0A4D}.Debug|Any CPU.ActiveCfg = Debug|Any CPU
		{A8728617-877A-4658-B5E6-E715F26B0A4D}.Debug|Any CPU.Build.0 = Debug|Any CPU
		{A8728617-877A-4658-B5E6-E715F26B0A4D}.Release|Any CPU.ActiveCfg = Release|Any CPU
		{A8728617-877A-4658-B5E6-E715F26B0A4D}.Release|Any CPU.Build.0 = Release|Any CPU
		{C7DB6E8F-6D7D-4D2C-A225-D79F297C037E}.Debug|Any CPU.ActiveCfg = Debug|Any CPU
		{C7DB6E8F-6D7D-4D2C-A225-D79F297C037E}.Debug|Any CPU.Build.0 = Debug|Any CPU
		{C7DB6E8F-6D7D-4D2C-A225-D79F297C037E}.Release|Any CPU.ActiveCfg = Release|Any CPU
		{C7DB6E8F-6D7D-4D2C-A225-D79F297C037E}.Release|Any CPU.Build.0 = Release|Any CPU
		{99931E29-9A94-4622-A612-D0455544D109}.Debug|Any CPU.ActiveCfg = Debug|Any CPU
		{99931E29-9A94-4622-A612-D0455544D109}.Debug|Any CPU.Build.0 = Debug|Any CPU
		{99931E29-9A94-4622-A612-D0455544D109}.Release|Any CPU.ActiveCfg = Release|Any CPU
		{99931E29-9A94-4622-A612-D0455544D109}.Release|Any CPU.Build.0 = Release|Any CPU
		{C2FB10BF-ED2B-4F24-BD0E-CEE2507A5A2A}.Debug|Any CPU.ActiveCfg = Debug|Any CPU
		{C2FB10BF-ED2B-4F24-BD0E-CEE2507A5A2A}.Debug|Any CPU.Build.0 = Debug|Any CPU
		{C2FB10BF-ED2B-4F24-BD0E-CEE2507A5A2A}.Release|Any CPU.ActiveCfg = Release|Any CPU
		{C2FB10BF-ED2B-4F24-BD0E-CEE2507A5A2A}.Release|Any CPU.Build.0 = Release|Any CPU
		{9A3125E8-E17A-49CD-8262-996C0D67BE74}.Debug|Any CPU.ActiveCfg = Debug|Any CPU
		{9A3125E8-E17A-49CD-8262-996C0D67BE74}.Debug|Any CPU.Build.0 = Debug|Any CPU
		{9A3125E8-E17A-49CD-8262-996C0D67BE74}.Release|Any CPU.ActiveCfg = Release|Any CPU
		{9A3125E8-E17A-49CD-8262-996C0D67BE74}.Release|Any CPU.Build.0 = Release|Any CPU
		{C7466235-074F-4B93-9E01-2FAED0919041}.Debug|Any CPU.ActiveCfg = Debug|Any CPU
		{C7466235-074F-4B93-9E01-2FAED0919041}.Debug|Any CPU.Build.0 = Debug|Any CPU
		{C7466235-074F-4B93-9E01-2FAED0919041}.Release|Any CPU.ActiveCfg = Release|Any CPU
		{C7466235-074F-4B93-9E01-2FAED0919041}.Release|Any CPU.Build.0 = Release|Any CPU
		{876A64E3-4A8D-4DDB-BB31-AC721933F150}.Debug|Any CPU.ActiveCfg = Debug|Any CPU
		{876A64E3-4A8D-4DDB-BB31-AC721933F150}.Debug|Any CPU.Build.0 = Debug|Any CPU
		{876A64E3-4A8D-4DDB-BB31-AC721933F150}.Release|Any CPU.ActiveCfg = Release|Any CPU
		{876A64E3-4A8D-4DDB-BB31-AC721933F150}.Release|Any CPU.Build.0 = Release|Any CPU
		{B3346876-13FB-4CE1-976C-3A0BE5977C0D}.Debug|Any CPU.ActiveCfg = Debug|Any CPU
		{B3346876-13FB-4CE1-976C-3A0BE5977C0D}.Debug|Any CPU.Build.0 = Debug|Any CPU
		{B3346876-13FB-4CE1-976C-3A0BE5977C0D}.Release|Any CPU.ActiveCfg = Release|Any CPU
		{B3346876-13FB-4CE1-976C-3A0BE5977C0D}.Release|Any CPU.Build.0 = Release|Any CPU
		{D5122BCC-1802-41EE-82CC-CCD442BE39D3}.Debug|Any CPU.ActiveCfg = Debug|Any CPU
		{D5122BCC-1802-41EE-82CC-CCD442BE39D3}.Debug|Any CPU.Build.0 = Debug|Any CPU
		{D5122BCC-1802-41EE-82CC-CCD442BE39D3}.Release|Any CPU.ActiveCfg = Release|Any CPU
		{D5122BCC-1802-41EE-82CC-CCD442BE39D3}.Release|Any CPU.Build.0 = Release|Any CPU
		{CC108E1A-8AD2-4026-8E1B-D59154C6BFF6}.Debug|Any CPU.ActiveCfg = Debug|Any CPU
		{CC108E1A-8AD2-4026-8E1B-D59154C6BFF6}.Debug|Any CPU.Build.0 = Debug|Any CPU
		{CC108E1A-8AD2-4026-8E1B-D59154C6BFF6}.Release|Any CPU.ActiveCfg = Release|Any CPU
		{CC108E1A-8AD2-4026-8E1B-D59154C6BFF6}.Release|Any CPU.Build.0 = Release|Any CPU
		{B5985B2E-3E0D-4E96-B7ED-9C8E676803CB}.Debug|Any CPU.ActiveCfg = Debug|Any CPU
		{B5985B2E-3E0D-4E96-B7ED-9C8E676803CB}.Debug|Any CPU.Build.0 = Debug|Any CPU
		{B5985B2E-3E0D-4E96-B7ED-9C8E676803CB}.Release|Any CPU.ActiveCfg = Release|Any CPU
		{B5985B2E-3E0D-4E96-B7ED-9C8E676803CB}.Release|Any CPU.Build.0 = Release|Any CPU
	EndGlobalSection
	GlobalSection(SolutionProperties) = preSolution
		HideSolutionNode = FALSE
	EndGlobalSection
	GlobalSection(NestedProjects) = preSolution
		{A2134B53-6294-4BDE-BD01-889FF096D875} = {C5391F7C-F884-4FDE-91A3-A22A80E2BE69}
		{CE7D8B79-EF97-4F7B-91B2-691BE6EDE447} = {A2134B53-6294-4BDE-BD01-889FF096D875}
		{CEF02F20-8828-4498-83D7-B5CC144AD8EC} = {CE7D8B79-EF97-4F7B-91B2-691BE6EDE447}
		{E1131E3F-293F-4311-A571-64527A8CA3CA} = {A2134B53-6294-4BDE-BD01-889FF096D875}
		{2357DB24-5BAD-4D43-A7C1-A2DBBBF0C395} = {E1131E3F-293F-4311-A571-64527A8CA3CA}
		{0946BE3E-890F-471E-91D4-1E2295218EA5} = {A2134B53-6294-4BDE-BD01-889FF096D875}
		{A8728617-877A-4658-B5E6-E715F26B0A4D} = {0946BE3E-890F-471E-91D4-1E2295218EA5}
		{049D0375-1131-4C68-B7C1-572534CAAE77} = {A2134B53-6294-4BDE-BD01-889FF096D875}
		{C7DB6E8F-6D7D-4D2C-A225-D79F297C037E} = {049D0375-1131-4C68-B7C1-572534CAAE77}
		{C71437FF-5018-487E-8C7D-23A229840E0A} = {C5391F7C-F884-4FDE-91A3-A22A80E2BE69}
		{E74AC4CC-29C1-477E-ACD0-8A39B6586AC7} = {C71437FF-5018-487E-8C7D-23A229840E0A}
		{99931E29-9A94-4622-A612-D0455544D109} = {E74AC4CC-29C1-477E-ACD0-8A39B6586AC7}
		{3C21B111-2FD7-4CAD-951C-2084B47588B7} = {C71437FF-5018-487E-8C7D-23A229840E0A}
		{C2FB10BF-ED2B-4F24-BD0E-CEE2507A5A2A} = {3C21B111-2FD7-4CAD-951C-2084B47588B7}
		{BA6A83C1-CD25-44BF-BD53-8ADFA418F7BC} = {C71437FF-5018-487E-8C7D-23A229840E0A}
		{9A3125E8-E17A-49CD-8262-996C0D67BE74} = {BA6A83C1-CD25-44BF-BD53-8ADFA418F7BC}
		{D048EF55-DDBB-4794-BD8C-E7C2985243AB} = {C71437FF-5018-487E-8C7D-23A229840E0A}
		{C7466235-074F-4B93-9E01-2FAED0919041} = {D048EF55-DDBB-4794-BD8C-E7C2985243AB}
		{833C359D-877F-4CFF-99A1-A1ABEC02BA59} = {AA7FC985-2410-487E-B527-DAE7EE97ED98}
		{F359F0F0-8FC2-4F5B-8291-3847AD1D6C7D} = {833C359D-877F-4CFF-99A1-A1ABEC02BA59}
		{876A64E3-4A8D-4DDB-BB31-AC721933F150} = {F359F0F0-8FC2-4F5B-8291-3847AD1D6C7D}
		{5CAC3887-5188-4A6B-9DB5-A089782D9377} = {833C359D-877F-4CFF-99A1-A1ABEC02BA59}
		{B3346876-13FB-4CE1-976C-3A0BE5977C0D} = {5CAC3887-5188-4A6B-9DB5-A089782D9377}
		{0A460077-FCA2-495F-952D-58ACF0F59AA8} = {833C359D-877F-4CFF-99A1-A1ABEC02BA59}
		{D5122BCC-1802-41EE-82CC-CCD442BE39D3} = {0A460077-FCA2-495F-952D-58ACF0F59AA8}
		{BCB892F7-A1E9-4684-AC66-642E71B799EB} = {833C359D-877F-4CFF-99A1-A1ABEC02BA59}
		{CC108E1A-8AD2-4026-8E1B-D59154C6BFF6} = {BCB892F7-A1E9-4684-AC66-642E71B799EB}
		{B5985B2E-3E0D-4E96-B7ED-9C8E676803CB} = {EEBB2B2F-7A3D-4334-BC5B-D32DE75FC4D8}
	EndGlobalSection
EndGlobal
